
Microsoft Visual Studio Solution File, Format Version 12.00
# Visual Studio Version 17
VisualStudioVersion = 17.12.35527.113
MinimumVisualStudioVersion = 10.0.40219.1
Project("{2150E333-8FDC-42A3-9474-1A3956D46DE8}") = "src", "src", "{57207C39-426A-4B0E-B542-FEAAC78868EA}"
EndProject
Project("{2150E333-8FDC-42A3-9474-1A3956D46DE8}") = "tests", "tests", "{2E073824-16A4-44B1-BDCB-7626E4CE8E4A}"
EndProject
Project("{FAE04EC0-301F-11D3-BF4B-00C04F79EFBC}") = "CleanArchitecture_2025.WebAPI", "src\CleanArchitecture_2025.WebAPI\CleanArchitecture_2025.WebAPI.csproj", "{C9340EE2-BF73-4950-88A6-723F9866BC5A}"
EndProject
Project("{FAE04EC0-301F-11D3-BF4B-00C04F79EFBC}") = "CleanArchitecture_2025.ServiceDefaults", "src\CleanArchitecture_2025.ServiceDefaults\CleanArchitecture_2025.ServiceDefaults.csproj", "{A397D998-0C0B-4AF9-A27D-C457DDD606E0}"
EndProject
Project("{FAE04EC0-301F-11D3-BF4B-00C04F79EFBC}") = "CleanArchitecture_2025.Infrastructure", "src\CleanArchitecture_2025.Infrastructure\CleanArchitecture_2025.Infrastructure.csproj", "{C57B0458-344A-4985-B42C-69635E289953}"
EndProject
Project("{FAE04EC0-301F-11D3-BF4B-00C04F79EFBC}") = "CleanArchitecture_2025.Domain", "src\CleanArchitecture_2025.Domain\CleanArchitecture_2025.Domain.csproj", "{DC13B543-2B7A-49BA-93C4-59E27A352C47}"
EndProject
Project("{FAE04EC0-301F-11D3-BF4B-00C04F79EFBC}") = "CleanArchitecture_2025.Application", "src\CleanArchitecture_2025.Application\CleanArchitecture_2025.Application.csproj", "{093BF638-5F50-4ACA-A722-627FD2462AEB}"
EndProject
Project("{FAE04EC0-301F-11D3-BF4B-00C04F79EFBC}") = "CleanArchitecture_2025.AppHost", "src\CleanArchitecture_2025.AppHost\CleanArchitecture_2025.AppHost.csproj", "{1E846C34-FD56-4F23-AA8C-76E15FFDBFE5}"
EndProject
Project("{2150E333-8FDC-42A3-9474-1A3956D46DE8}") = "Solution Items", "Solution Items", "{1CC7C4C9-817E-4D13-B414-08F62FACBFDE}"
	ProjectSection(SolutionItems) = preProject
		README.md = README.md
	EndProjectSection
EndProject
Global
	GlobalSection(SolutionConfigurationPlatforms) = preSolution
		Debug|Any CPU = Debug|Any CPU
		Release|Any CPU = Release|Any CPU
	EndGlobalSection
	GlobalSection(ProjectConfigurationPlatforms) = postSolution
		{C9340EE2-BF73-4950-88A6-723F9866BC5A}.Debug|Any CPU.ActiveCfg = Debug|Any CPU
		{C9340EE2-BF73-4950-88A6-723F9866BC5A}.Debug|Any CPU.Build.0 = Debug|Any CPU
		{C9340EE2-BF73-4950-88A6-723F9866BC5A}.Release|Any CPU.ActiveCfg = Release|Any CPU
		{C9340EE2-BF73-4950-88A6-723F9866BC5A}.Release|Any CPU.Build.0 = Release|Any CPU
		{A397D998-0C0B-4AF9-A27D-C457DDD606E0}.Debug|Any CPU.ActiveCfg = Debug|Any CPU
		{A397D998-0C0B-4AF9-A27D-C457DDD606E0}.Debug|Any CPU.Build.0 = Debug|Any CPU
		{A397D998-0C0B-4AF9-A27D-C457DDD606E0}.Release|Any CPU.ActiveCfg = Release|Any CPU
		{A397D998-0C0B-4AF9-A27D-C457DDD606E0}.Release|Any CPU.Build.0 = Release|Any CPU
		{C57B0458-344A-4985-B42C-69635E289953}.Debug|Any CPU.ActiveCfg = Debug|Any CPU
		{C57B0458-344A-4985-B42C-69635E289953}.Debug|Any CPU.Build.0 = Debug|Any CPU
		{C57B0458-344A-4985-B42C-69635E289953}.Release|Any CPU.ActiveCfg = Release|Any CPU
		{C57B0458-344A-4985-B42C-69635E289953}.Release|Any CPU.Build.0 = Release|Any CPU
		{DC13B543-2B7A-49BA-93C4-59E27A352C47}.Debug|Any CPU.ActiveCfg = Debug|Any CPU
		{DC13B543-2B7A-49BA-93C4-59E27A352C47}.Debug|Any CPU.Build.0 = Debug|Any CPU
		{DC13B543-2B7A-49BA-93C4-59E27A352C47}.Release|Any CPU.ActiveCfg = Release|Any CPU
		{DC13B543-2B7A-49BA-93C4-59E27A352C47}.Release|Any CPU.Build.0 = Release|Any CPU
		{093BF638-5F50-4ACA-A722-627FD2462AEB}.Debug|Any CPU.ActiveCfg = Debug|Any CPU
		{093BF638-5F50-4ACA-A722-627FD2462AEB}.Debug|Any CPU.Build.0 = Debug|Any CPU
		{093BF638-5F50-4ACA-A722-627FD2462AEB}.Release|Any CPU.ActiveCfg = Release|Any CPU
		{093BF638-5F50-4ACA-A722-627FD2462AEB}.Release|Any CPU.Build.0 = Release|Any CPU
		{1E846C34-FD56-4F23-AA8C-76E15FFDBFE5}.Debug|Any CPU.ActiveCfg = Debug|Any CPU
		{1E846C34-FD56-4F23-AA8C-76E15FFDBFE5}.Debug|Any CPU.Build.0 = Debug|Any CPU
		{1E846C34-FD56-4F23-AA8C-76E15FFDBFE5}.Release|Any CPU.ActiveCfg = Release|Any CPU
		{1E846C34-FD56-4F23-AA8C-76E15FFDBFE5}.Release|Any CPU.Build.0 = Release|Any CPU
	EndGlobalSection
	GlobalSection(SolutionProperties) = preSolution
		HideSolutionNode = FALSE
	EndGlobalSection
	GlobalSection(NestedProjects) = preSolution
		{C9340EE2-BF73-4950-88A6-723F9866BC5A} = {57207C39-426A-4B0E-B542-FEAAC78868EA}
		{A397D998-0C0B-4AF9-A27D-C457DDD606E0} = {57207C39-426A-4B0E-B542-FEAAC78868EA}
		{C57B0458-344A-4985-B42C-69635E289953} = {57207C39-426A-4B0E-B542-FEAAC78868EA}
		{DC13B543-2B7A-49BA-93C4-59E27A352C47} = {57207C39-426A-4B0E-B542-FEAAC78868EA}
		{093BF638-5F50-4ACA-A722-627FD2462AEB} = {57207C39-426A-4B0E-B542-FEAAC78868EA}
		{1E846C34-FD56-4F23-AA8C-76E15FFDBFE5} = {57207C39-426A-4B0E-B542-FEAAC78868EA}
	EndGlobalSection
EndGlobal
